
Microsoft Visual Studio Solution File, Format Version 12.00
# Visual Studio Version 16
VisualStudioVersion = 16.0.28729.10
MinimumVisualStudioVersion = 10.0.40219.1
Project("{9A19103F-16F7-4668-BE54-9A1E7A4F7556}") = "NullSearchBenchmark", "NullSearchBenchmark\NullSearchBenchmark.csproj", "{9B182941-6FCC-497E-B3C8-D4587008E046}"
EndProject
Project("{FAE04EC0-301F-11D3-BF4B-00C04F79EFBC}") = "ObjectPool", "ClassLibrary1\ObjectPool.csproj", "{6EB7C499-DFC0-49FB-8F99-861FCA0ACF21}"
EndProject
Project("{FAE04EC0-301F-11D3-BF4B-00C04F79EFBC}") = "ObjectPools.Tests", "ObjectPools.Tests\ObjectPools.Tests.csproj", "{C1D1D3B4-2867-49E0-909E-5009CB71F54E}"
EndProject
Global
	GlobalSection(SolutionConfigurationPlatforms) = preSolution
		Debug|Any CPU = Debug|Any CPU
		Release|Any CPU = Release|Any CPU
	EndGlobalSection
	GlobalSection(ProjectConfigurationPlatforms) = postSolution
		{9B182941-6FCC-497E-B3C8-D4587008E046}.Debug|Any CPU.ActiveCfg = Debug|Any CPU
		{9B182941-6FCC-497E-B3C8-D4587008E046}.Debug|Any CPU.Build.0 = Debug|Any CPU
		{9B182941-6FCC-497E-B3C8-D4587008E046}.Release|Any CPU.ActiveCfg = Release|Any CPU
		{9B182941-6FCC-497E-B3C8-D4587008E046}.Release|Any CPU.Build.0 = Release|Any CPU
		{6EB7C499-DFC0-49FB-8F99-861FCA0ACF21}.Debug|Any CPU.ActiveCfg = Debug|Any CPU
		{6EB7C499-DFC0-49FB-8F99-861FCA0ACF21}.Debug|Any CPU.Build.0 = Debug|Any CPU
		{6EB7C499-DFC0-49FB-8F99-861FCA0ACF21}.Release|Any CPU.ActiveCfg = Release|Any CPU
		{6EB7C499-DFC0-49FB-8F99-861FCA0ACF21}.Release|Any CPU.Build.0 = Release|Any CPU
		{C1D1D3B4-2867-49E0-909E-5009CB71F54E}.Debug|Any CPU.ActiveCfg = Debug|Any CPU
		{C1D1D3B4-2867-49E0-909E-5009CB71F54E}.Debug|Any CPU.Build.0 = Debug|Any CPU
		{C1D1D3B4-2867-49E0-909E-5009CB71F54E}.Release|Any CPU.ActiveCfg = Release|Any CPU
		{C1D1D3B4-2867-49E0-909E-5009CB71F54E}.Release|Any CPU.Build.0 = Release|Any CPU
	EndGlobalSection
	GlobalSection(SolutionProperties) = preSolution
		HideSolutionNode = FALSE
	EndGlobalSection
	GlobalSection(ExtensibilityGlobals) = postSolution
		SolutionGuid = {A8ABCE8E-2E0E-4450-8807-DA149F691856}
	EndGlobalSection
EndGlobal
